// !$*UTF8*$!
{
	archiveVersion = 1;
	classes = {
	};
	objectVersion = 46;
	objects = {

/* Begin PBXBuildFile section */
		CB6E571D1BF4301200E9B680 /* AppDelegate.swift in Sources */ = {isa = PBXBuildFile; fileRef = CB6E571C1BF4301200E9B680 /* AppDelegate.swift */; };
		CB6E571F1BF4301200E9B680 /* ViewController.swift in Sources */ = {isa = PBXBuildFile; fileRef = CB6E571E1BF4301200E9B680 /* ViewController.swift */; };
		CB6E57221BF4301200E9B680 /* Main.storyboard in Resources */ = {isa = PBXBuildFile; fileRef = CB6E57201BF4301200E9B680 /* Main.storyboard */; };
		CB6E57241BF4301200E9B680 /* Assets.xcassets in Resources */ = {isa = PBXBuildFile; fileRef = CB6E57231BF4301200E9B680 /* Assets.xcassets */; };
		CB6E57271BF4301200E9B680 /* LaunchScreen.storyboard in Resources */ = {isa = PBXBuildFile; fileRef = CB6E57251BF4301200E9B680 /* LaunchScreen.storyboard */; };
		CB6E57311BF43A1100E9B680 /* hipsterlogogenerator_1447297630288.png in Resources */ = {isa = PBXBuildFile; fileRef = CB6E57301BF43A1100E9B680 /* hipsterlogogenerator_1447297630288.png */; };
		CB6E57331BF43AEB00E9B680 /* tock slippers.jpg in Resources */ = {isa = PBXBuildFile; fileRef = CB6E57321BF43AEB00E9B680 /* tock slippers.jpg */; };
/* End PBXBuildFile section */

/* Begin PBXFileReference section */
		CB6E57191BF4301200E9B680 /* EduGreyt.app */ = {isa = PBXFileReference; explicitFileType = wrapper.application; includeInIndex = 0; path = EduGreyt.app; sourceTree = BUILT_PRODUCTS_DIR; };
		CB6E571C1BF4301200E9B680 /* AppDelegate.swift */ = {isa = PBXFileReference; lastKnownFileType = sourcecode.swift; path = AppDelegate.swift; sourceTree = "<group>"; };
		CB6E571E1BF4301200E9B680 /* ViewController.swift */ = {isa = PBXFileReference; lastKnownFileType = sourcecode.swift; path = ViewController.swift; sourceTree = "<group>"; };
		CB6E57211BF4301200E9B680 /* Base */ = {isa = PBXFileReference; lastKnownFileType = file.storyboard; name = Base; path = Base.lproj/Main.storyboard; sourceTree = "<group>"; };
		CB6E57231BF4301200E9B680 /* Assets.xcassets */ = {isa = PBXFileReference; lastKnownFileType = folder.assetcatalog; path = Assets.xcassets; sourceTree = "<group>"; };
		CB6E57261BF4301200E9B680 /* Base */ = {isa = PBXFileReference; lastKnownFileType = file.storyboard; name = Base; path = Base.lproj/LaunchScreen.storyboard; sourceTree = "<group>"; };
		CB6E57281BF4301200E9B680 /* Info.plist */ = {isa = PBXFileReference; lastKnownFileType = text.plist.xml; path = Info.plist; sourceTree = "<group>"; };
		CB6E57301BF43A1100E9B680 /* hipsterlogogenerator_1447297630288.png */ = {isa = PBXFileReference; lastKnownFileType = image.png; path = hipsterlogogenerator_1447297630288.png; sourceTree = "<group>"; };
		CB6E57321BF43AEB00E9B680 /* tock slippers.jpg */ = {isa = PBXFileReference; lastKnownFileType = image.jpeg; path = "tock slippers.jpg"; sourceTree = "<group>"; };
/* End PBXFileReference section */

/* Begin PBXFrameworksBuildPhase section */
		CB6E57161BF4301200E9B680 /* Frameworks */ = {
			isa = PBXFrameworksBuildPhase;
			buildActionMask = 2147483647;
			files = (
			);
			runOnlyForDeploymentPostprocessing = 0;
		};
/* End PBXFrameworksBuildPhase section */

/* Begin PBXGroup section */
		CB6E57101BF4301200E9B680 = {
			isa = PBXGroup;
			children = (
				CB6E571B1BF4301200E9B680 /* EduGreyt */,
				CB6E571A1BF4301200E9B680 /* Products */,
			);
			sourceTree = "<group>";
		};
		CB6E571A1BF4301200E9B680 /* Products */ = {
			isa = PBXGroup;
			children = (
				CB6E57191BF4301200E9B680 /* EduGreyt.app */,
			);
			name = Products;
			sourceTree = "<group>";
		};
		CB6E571B1BF4301200E9B680 /* EduGreyt */ = {
			isa = PBXGroup;
			children = (
				CB6E571C1BF4301200E9B680 /* AppDelegate.swift */,
				CB6E571E1BF4301200E9B680 /* ViewController.swift */,
				CB6E57201BF4301200E9B680 /* Main.storyboard */,
				CB6E57231BF4301200E9B680 /* Assets.xcassets */,
				CB6E57321BF43AEB00E9B680 /* tock slippers.jpg */,
				CB6E57301BF43A1100E9B680 /* hipsterlogogenerator_1447297630288.png */,
				CB6E57251BF4301200E9B680 /* LaunchScreen.storyboard */,
				CB6E57281BF4301200E9B680 /* Info.plist */,
			);
			path = EduGreyt;
			sourceTree = "<group>";
		};
/* End PBXGroup section */

/* Begin PBXNativeTarget section */
		CB6E57181BF4301200E9B680 /* EduGreyt */ = {
			isa = PBXNativeTarget;
			buildConfigurationList = CB6E572B1BF4301200E9B680 /* Build configuration list for PBXNativeTarget "EduGreyt" */;
			buildPhases = (
				CB6E57151BF4301200E9B680 /* Sources */,
				CB6E57161BF4301200E9B680 /* Frameworks */,
				CB6E57171BF4301200E9B680 /* Resources */,
			);
			buildRules = (
			);
			dependencies = (
			);
			name = EduGreyt;
			productName = EduGreyt;
			productReference = CB6E57191BF4301200E9B680 /* EduGreyt.app */;
			productType = "com.apple.product-type.application";
		};
/* End PBXNativeTarget section */

/* Begin PBXProject section */
		CB6E57111BF4301200E9B680 /* Project object */ = {
			isa = PBXProject;
			attributes = {
				LastSwiftUpdateCheck = 0710;
				LastUpgradeCheck = 0710;
				ORGANIZATIONNAME = "Katie Kelleher";
				TargetAttributes = {
					CB6E57181BF4301200E9B680 = {
						CreatedOnToolsVersion = 7.1;
						DevelopmentTeam = 99CJJ9SY9E;
					};
				};
			};
			buildConfigurationList = CB6E57141BF4301200E9B680 /* Build configuration list for PBXProject "EduGreyt" */;
			compatibilityVersion = "Xcode 3.2";
			developmentRegion = English;
			hasScannedForEncodings = 0;
			knownRegions = (
				en,
				Base,
			);
			mainGroup = CB6E57101BF4301200E9B680;
			productRefGroup = CB6E571A1BF4301200E9B680 /* Products */;
			projectDirPath = "";
			projectRoot = "";
			targets = (
				CB6E57181BF4301200E9B680 /* EduGreyt */,
			);
		};
/* End PBXProject section */

/* Begin PBXResourcesBuildPhase section */
		CB6E57171BF4301200E9B680 /* Resources */ = {
			isa = PBXResourcesBuildPhase;
			buildActionMask = 2147483647;
			files = (
				CB6E57311BF43A1100E9B680 /* hipsterlogogenerator_1447297630288.png in Resources */,
				CB6E57271BF4301200E9B680 /* LaunchScreen.storyboard in Resources */,
				CB6E57241BF4301200E9B680 /* Assets.xcassets in Resources */,
				CB6E57331BF43AEB00E9B680 /* tock slippers.jpg in Resources */,
				CB6E57221BF4301200E9B680 /* Main.storyboard in Resources */,
			);
			runOnlyForDeploymentPostprocessing = 0;
		};
/* End PBXResourcesBuildPhase section */

/* Begin PBXSourcesBuildPhase section */
		CB6E57151BF4301200E9B680 /* Sources */ = {
			isa = PBXSourcesBuildPhase;
			buildActionMask = 2147483647;
			files = (
				CB6E571F1BF4301200E9B680 /* ViewController.swift in Sources */,
				CB6E571D1BF4301200E9B680 /* AppDelegate.swift in Sources */,
			);
			runOnlyForDeploymentPostprocessing = 0;
		};
/* End PBXSourcesBuildPhase section */

/* Begin PBXVariantGroup section */
		CB6E57201BF4301200E9B680 /* Main.storyboard */ = {
			isa = PBXVariantGroup;
			children = (
				CB6E57211BF4301200E9B680 /* Base */,
			);
			name = Main.storyboard;
			sourceTree = "<group>";
		};
		CB6E57251BF4301200E9B680 /* LaunchScreen.storyboard */ = {
			isa = PBXVariantGroup;
			children = (
				CB6E57261BF4301200E9B680 /* Base */,
			);
			name = LaunchScreen.storyboard;
			sourceTree = "<group>";
		};
/* End PBXVariantGroup section */

/* Begin XCBuildConfiguration section */
		CB6E57291BF4301200E9B680 /* Debug */ = {
			isa = XCBuildConfiguration;
			buildSettings = {
				ALWAYS_SEARCH_USER_PATHS = NO;
				CLANG_CXX_LANGUAGE_STANDARD = "gnu++0x";
				CLANG_CXX_LIBRARY = "libc++";
				CLANG_ENABLE_MODULES = YES;
				CLANG_ENABLE_OBJC_ARC = YES;
				CLANG_WARN_BOOL_CONVERSION = YES;
				CLANG_WARN_CONSTANT_CONVERSION = YES;
				CLANG_WARN_DIRECT_OBJC_ISA_USAGE = YES_ERROR;
				CLANG_WARN_EMPTY_BODY = YES;
				CLANG_WARN_ENUM_CONVERSION = YES;
				CLANG_WARN_INT_CONVERSION = YES;
				CLANG_WARN_OBJC_ROOT_CLASS = YES_ERROR;
				CLANG_WARN_UNREACHABLE_CODE = YES;
				CLANG_WARN__DUPLICATE_METHOD_MATCH = YES;
				"CODE_SIGN_IDENTITY[sdk=iphoneos*]" = "iPhone Developer";
				COPY_PHASE_STRIP = NO;
				DEBUG_INFORMATION_FORMAT = dwarf;
				ENABLE_STRICT_OBJC_MSGSEND = YES;
				ENABLE_TESTABILITY = YES;
				GCC_C_LANGUAGE_STANDARD = gnu99;
				GCC_DYNAMIC_NO_PIC = NO;
				GCC_NO_COMMON_BLOCKS = YES;
				GCC_OPTIMIZATION_LEVEL = 0;
				GCC_PREPROCESSOR_DEFINITIONS = (
					"DEBUG=1",
					"$(inherited)",
				);
				GCC_WARN_64_TO_32_BIT_CONVERSION = YES;
				GCC_WARN_ABOUT_RETURN_TYPE = YES_ERROR;
				GCC_WARN_UNDECLARED_SELECTOR = YES;
				GCC_WARN_UNINITIALIZED_AUTOS = YES_AGGRESSIVE;
				GCC_WARN_UNUSED_FUNCTION = YES;
				GCC_WARN_UNUSED_VARIABLE = YES;
				IPHONEOS_DEPLOYMENT_TARGET = 9.1;
				MTL_ENABLE_DEBUG_INFO = YES;
				ONLY_ACTIVE_ARCH = YES;
				SDKROOT = iphoneos;
				SWIFT_OPTIMIZATION_LEVEL = "-Onone";
			};
			name = Debug;
		};
		CB6E572A1BF4301200E9B680 /* Release */ = {
			isa = XCBuildConfiguration;
			buildSettings = {
				ALWAYS_SEARCH_USER_PATHS = NO;
				CLANG_CXX_LANGUAGE_STANDARD = "gnu++0x";
				CLANG_CXX_LIBRARY = "libc++";
				CLANG_ENABLE_MODULES = YES;
				CLANG_ENABLE_OBJC_ARC = YES;
				CLANG_WARN_BOOL_CONVERSION = YES;
				CLANG_WARN_CONSTANT_CONVERSION = YES;
				CLANG_WARN_DIRECT_OBJC_ISA_USAGE = YES_ERROR;
				CLANG_WARN_EMPTY_BODY = YES;
				CLANG_WARN_ENUM_CONVERSION = YES;
				CLANG_WARN_INT_CONVERSION = YES;
				CLANG_WARN_OBJC_ROOT_CLASS = YES_ERROR;
				CLANG_WARN_UNREACHABLE_CODE = YES;
				CLANG_WARN__DUPLICATE_METHOD_MATCH = YES;
				"CODE_SIGN_IDENTITY[sdk=iphoneos*]" = "iPhone Developer";
				COPY_PHASE_STRIP = NO;
				DEBUG_INFORMATION_FORMAT = "dwarf-with-dsym";
				ENABLE_NS_ASSERTIONS = NO;
				ENABLE_STRICT_OBJC_MSGSEND = YES;
				GCC_C_LANGUAGE_STANDARD = gnu99;
				GCC_NO_COMMON_BLOCKS = YES;
				GCC_WARN_64_TO_32_BIT_CONVERSION = YES;
				GCC_WARN_ABOUT_RETURN_TYPE = YES_ERROR;
				GCC_WARN_UNDECLARED_SELECTOR = YES;
				GCC_WARN_UNINITIALIZED_AUTOS = YES_AGGRESSIVE;
				GCC_WARN_UNUSED_FUNCTION = YES;
				GCC_WARN_UNUSED_VARIABLE = YES;
				IPHONEOS_DEPLOYMENT_TARGET = 9.1;
				MTL_ENABLE_DEBUG_INFO = NO;
				SDKROOT = iphoneos;
				VALIDATE_PRODUCT = YES;
			};
			name = Release;
		};
		CB6E572C1BF4301200E9B680 /* Debug */ = {
			isa = XCBuildConfiguration;
			buildSettings = {
				ASSETCATALOG_COMPILER_APPICON_NAME = AppIcon;
				INFOPLIST_FILE = EduGreyt/Info.plist;
				LD_RUNPATH_SEARCH_PATHS = "$(inherited) @executable_path/Frameworks";
				PRODUCT_BUNDLE_IDENTIFIER = rocks.kelleher.EduGreyt;
				PRODUCT_NAME = "$(TARGET_NAME)";
			};
			name = Debug;
		};
		CB6E572D1BF4301200E9B680 /* Release */ = {
			isa = XCBuildConfiguration;
			buildSettings = {
				ASSETCATALOG_COMPILER_APPICON_NAME = AppIcon;
				INFOPLIST_FILE = EduGreyt/Info.plist;
				LD_RUNPATH_SEARCH_PATHS = "$(inherited) @executable_path/Frameworks";
				PRODUCT_BUNDLE_IDENTIFIER = rocks.kelleher.EduGreyt;
				PRODUCT_NAME = "$(TARGET_NAME)";
			};
			name = Release;
		};
/* End XCBuildConfiguration section */

/* Begin XCConfigurationList section */
		CB6E57141BF4301200E9B680 /* Build configuration list for PBXProject "EduGreyt" */ = {
			isa = XCConfigurationList;
			buildConfigurations = (
				CB6E57291BF4301200E9B680 /* Debug */,
				CB6E572A1BF4301200E9B680 /* Release */,
			);
			defaultConfigurationIsVisible = 0;
			defaultConfigurationName = Release;
		};
		CB6E572B1BF4301200E9B680 /* Build configuration list for PBXNativeTarget "EduGreyt" */ = {
			isa = XCConfigurationList;
			buildConfigurations = (
				CB6E572C1BF4301200E9B680 /* Debug */,
				CB6E572D1BF4301200E9B680 /* Release */,
			);
			defaultConfigurationIsVisible = 0;
		};
/* End XCConfigurationList section */
	};
	rootObject = CB6E57111BF4301200E9B680 /* Project object */;
}
