// !$*UTF8*$!
{
	archiveVersion = 1;
	classes = {
	};
	objectVersion = 46;
	objects = {

/* Begin PBXBuildFile section */
		BADD8CC824D9F7B08C9BBFF0 /* Pods_EduGreyt.framework in Frameworks */ = {isa = PBXBuildFile; fileRef = EC308E4C8EE3C58F224FB1F5 /* Pods_EduGreyt.framework */; };
		CB3BD6191C66EB30007F938B /* UIViewExtensions.swift in Sources */ = {isa = PBXBuildFile; fileRef = CB3BD6181C66EB30007F938B /* UIViewExtensions.swift */; };
		CB4F09A51C51C388003D3F74 /* EventKit.framework in Frameworks */ = {isa = PBXBuildFile; fileRef = CB4F09A41C51C388003D3F74 /* EventKit.framework */; };
		CB4F09A71C51C3A0003D3F74 /* MapKit.framework in Frameworks */ = {isa = PBXBuildFile; fileRef = CB4F09A61C51C3A0003D3F74 /* MapKit.framework */; };
		CB4F09A91C580333003D3F74 /* EventsViewController.swift in Sources */ = {isa = PBXBuildFile; fileRef = CB4F09A81C580333003D3F74 /* EventsViewController.swift */; };
		CB4F09AB1C5803D6003D3F74 /* ApperanceViewController.swift in Sources */ = {isa = PBXBuildFile; fileRef = CB4F09AA1C5803D6003D3F74 /* ApperanceViewController.swift */; };
		CB4F09AD1C5803E7003D3F74 /* PetsViewController.swift in Sources */ = {isa = PBXBuildFile; fileRef = CB4F09AC1C5803E7003D3F74 /* PetsViewController.swift */; };
		CB4F09AF1C5803F9003D3F74 /* FavoriteLinksViewController.swift in Sources */ = {isa = PBXBuildFile; fileRef = CB4F09AE1C5803F9003D3F74 /* FavoriteLinksViewController.swift */; };
		CB4F09B11C58040D003D3F74 /* HealthViewController.swift in Sources */ = {isa = PBXBuildFile; fileRef = CB4F09B01C58040D003D3F74 /* HealthViewController.swift */; };
		CB4F09B31C58042C003D3F74 /* FactsViewController.swift in Sources */ = {isa = PBXBuildFile; fileRef = CB4F09B21C58042C003D3F74 /* FactsViewController.swift */; };
		CB6E571D1BF4301200E9B680 /* AppDelegate.swift in Sources */ = {isa = PBXBuildFile; fileRef = CB6E571C1BF4301200E9B680 /* AppDelegate.swift */; };
		CB6E571F1BF4301200E9B680 /* ViewController.swift in Sources */ = {isa = PBXBuildFile; fileRef = CB6E571E1BF4301200E9B680 /* ViewController.swift */; };
		CB6E57221BF4301200E9B680 /* Main.storyboard in Resources */ = {isa = PBXBuildFile; fileRef = CB6E57201BF4301200E9B680 /* Main.storyboard */; };
		CB6E57241BF4301200E9B680 /* Assets.xcassets in Resources */ = {isa = PBXBuildFile; fileRef = CB6E57231BF4301200E9B680 /* Assets.xcassets */; };
		CB6E57271BF4301200E9B680 /* LaunchScreen.storyboard in Resources */ = {isa = PBXBuildFile; fileRef = CB6E57251BF4301200E9B680 /* LaunchScreen.storyboard */; };
		CB6E57311BF43A1100E9B680 /* hipsterlogogenerator_1447297630288.png in Resources */ = {isa = PBXBuildFile; fileRef = CB6E57301BF43A1100E9B680 /* hipsterlogogenerator_1447297630288.png */; };
		CB6E57331BF43AEB00E9B680 /* tock slippers.jpg in Resources */ = {isa = PBXBuildFile; fileRef = CB6E57321BF43AEB00E9B680 /* tock slippers.jpg */; };
		CBA9EF8D1C067B1600B4C0A5 /* TableViewController.swift in Sources */ = {isa = PBXBuildFile; fileRef = CBA9EF8C1C067B1600B4C0A5 /* TableViewController.swift */; };
/* End PBXBuildFile section */

/* Begin PBXFileReference section */
		21621122E2DED8ACAA576A99 /* Pods-EduGreyt.release.xcconfig */ = {isa = PBXFileReference; includeInIndex = 1; lastKnownFileType = text.xcconfig; name = "Pods-EduGreyt.release.xcconfig"; path = "Pods/Target Support Files/Pods-EduGreyt/Pods-EduGreyt.release.xcconfig"; sourceTree = "<group>"; };
		411729B7E799F53D8C65CC00 /* Pods-EduGreyt.debug.xcconfig */ = {isa = PBXFileReference; includeInIndex = 1; lastKnownFileType = text.xcconfig; name = "Pods-EduGreyt.debug.xcconfig"; path = "Pods/Target Support Files/Pods-EduGreyt/Pods-EduGreyt.debug.xcconfig"; sourceTree = "<group>"; };
		CB3BD6181C66EB30007F938B /* UIViewExtensions.swift */ = {isa = PBXFileReference; fileEncoding = 4; lastKnownFileType = sourcecode.swift; path = UIViewExtensions.swift; sourceTree = "<group>"; };
		CB4F09A41C51C388003D3F74 /* EventKit.framework */ = {isa = PBXFileReference; lastKnownFileType = wrapper.framework; name = EventKit.framework; path = System/Library/Frameworks/EventKit.framework; sourceTree = SDKROOT; };
		CB4F09A61C51C3A0003D3F74 /* MapKit.framework */ = {isa = PBXFileReference; lastKnownFileType = wrapper.framework; name = MapKit.framework; path = System/Library/Frameworks/MapKit.framework; sourceTree = SDKROOT; };
		CB4F09A81C580333003D3F74 /* EventsViewController.swift */ = {isa = PBXFileReference; fileEncoding = 4; lastKnownFileType = sourcecode.swift; path = EventsViewController.swift; sourceTree = "<group>"; };
		CB4F09AA1C5803D6003D3F74 /* ApperanceViewController.swift */ = {isa = PBXFileReference; fileEncoding = 4; lastKnownFileType = sourcecode.swift; path = ApperanceViewController.swift; sourceTree = "<group>"; };
		CB4F09AC1C5803E7003D3F74 /* PetsViewController.swift */ = {isa = PBXFileReference; fileEncoding = 4; lastKnownFileType = sourcecode.swift; path = PetsViewController.swift; sourceTree = "<group>"; };
		CB4F09AE1C5803F9003D3F74 /* FavoriteLinksViewController.swift */ = {isa = PBXFileReference; fileEncoding = 4; lastKnownFileType = sourcecode.swift; path = FavoriteLinksViewController.swift; sourceTree = "<group>"; };
		CB4F09B01C58040D003D3F74 /* HealthViewController.swift */ = {isa = PBXFileReference; fileEncoding = 4; lastKnownFileType = sourcecode.swift; path = HealthViewController.swift; sourceTree = "<group>"; };
		CB4F09B21C58042C003D3F74 /* FactsViewController.swift */ = {isa = PBXFileReference; fileEncoding = 4; lastKnownFileType = sourcecode.swift; path = FactsViewController.swift; sourceTree = "<group>"; };
		CB6E57191BF4301200E9B680 /* EduGreyt.app */ = {isa = PBXFileReference; explicitFileType = wrapper.application; includeInIndex = 0; path = EduGreyt.app; sourceTree = BUILT_PRODUCTS_DIR; };
		CB6E571C1BF4301200E9B680 /* AppDelegate.swift */ = {isa = PBXFileReference; lastKnownFileType = sourcecode.swift; path = AppDelegate.swift; sourceTree = "<group>"; };
		CB6E571E1BF4301200E9B680 /* ViewController.swift */ = {isa = PBXFileReference; lastKnownFileType = sourcecode.swift; path = ViewController.swift; sourceTree = "<group>"; };
		CB6E57211BF4301200E9B680 /* Base */ = {isa = PBXFileReference; lastKnownFileType = file.storyboard; name = Base; path = Base.lproj/Main.storyboard; sourceTree = "<group>"; };
		CB6E57231BF4301200E9B680 /* Assets.xcassets */ = {isa = PBXFileReference; lastKnownFileType = folder.assetcatalog; path = Assets.xcassets; sourceTree = "<group>"; };
		CB6E57261BF4301200E9B680 /* Base */ = {isa = PBXFileReference; lastKnownFileType = file.storyboard; name = Base; path = Base.lproj/LaunchScreen.storyboard; sourceTree = "<group>"; };
		CB6E57281BF4301200E9B680 /* Info.plist */ = {isa = PBXFileReference; lastKnownFileType = text.plist.xml; path = Info.plist; sourceTree = "<group>"; };
		CB6E57301BF43A1100E9B680 /* hipsterlogogenerator_1447297630288.png */ = {isa = PBXFileReference; lastKnownFileType = image.png; path = hipsterlogogenerator_1447297630288.png; sourceTree = "<group>"; };
		CB6E57321BF43AEB00E9B680 /* tock slippers.jpg */ = {isa = PBXFileReference; lastKnownFileType = image.jpeg; path = "tock slippers.jpg"; sourceTree = "<group>"; };
		CBA9EF8C1C067B1600B4C0A5 /* TableViewController.swift */ = {isa = PBXFileReference; fileEncoding = 4; lastKnownFileType = sourcecode.swift; path = TableViewController.swift; sourceTree = "<group>"; };
		EC308E4C8EE3C58F224FB1F5 /* Pods_EduGreyt.framework */ = {isa = PBXFileReference; explicitFileType = wrapper.framework; includeInIndex = 0; path = Pods_EduGreyt.framework; sourceTree = BUILT_PRODUCTS_DIR; };
/* End PBXFileReference section */

/* Begin PBXFrameworksBuildPhase section */
		CB6E57161BF4301200E9B680 /* Frameworks */ = {
			isa = PBXFrameworksBuildPhase;
			buildActionMask = 2147483647;
			files = (
				CB4F09A71C51C3A0003D3F74 /* MapKit.framework in Frameworks */,
				CB4F09A51C51C388003D3F74 /* EventKit.framework in Frameworks */,
				BADD8CC824D9F7B08C9BBFF0 /* Pods_EduGreyt.framework in Frameworks */,
			);
			runOnlyForDeploymentPostprocessing = 0;
		};
/* End PBXFrameworksBuildPhase section */

/* Begin PBXGroup section */
		46EC78558C5032199040D9CA /* Frameworks */ = {
			isa = PBXGroup;
			children = (
				CB4F09A61C51C3A0003D3F74 /* MapKit.framework */,
				CB4F09A41C51C388003D3F74 /* EventKit.framework */,
				EC308E4C8EE3C58F224FB1F5 /* Pods_EduGreyt.framework */,
			);
			name = Frameworks;
			sourceTree = "<group>";
		};
		85166564142E23744685E303 /* Pods */ = {
			isa = PBXGroup;
			children = (
				411729B7E799F53D8C65CC00 /* Pods-EduGreyt.debug.xcconfig */,
				21621122E2DED8ACAA576A99 /* Pods-EduGreyt.release.xcconfig */,
			);
			name = Pods;
			sourceTree = "<group>";
		};
		CB6E57101BF4301200E9B680 = {
			isa = PBXGroup;
			children = (
				CB6E571B1BF4301200E9B680 /* EduGreyt */,
				CB6E571A1BF4301200E9B680 /* Products */,
				85166564142E23744685E303 /* Pods */,
				46EC78558C5032199040D9CA /* Frameworks */,
			);
			sourceTree = "<group>";
		};
		CB6E571A1BF4301200E9B680 /* Products */ = {
			isa = PBXGroup;
			children = (
				CB6E57191BF4301200E9B680 /* EduGreyt.app */,
			);
			name = Products;
			sourceTree = "<group>";
		};
		CB6E571B1BF4301200E9B680 /* EduGreyt */ = {
			isa = PBXGroup;
			children = (
				CB6E571C1BF4301200E9B680 /* AppDelegate.swift */,
				CB6E571E1BF4301200E9B680 /* ViewController.swift */,
				CB6E57201BF4301200E9B680 /* Main.storyboard */,
				CB4F09B21C58042C003D3F74 /* FactsViewController.swift */,
				CB4F09B01C58040D003D3F74 /* HealthViewController.swift */,
				CB4F09AE1C5803F9003D3F74 /* FavoriteLinksViewController.swift */,
				CB4F09AC1C5803E7003D3F74 /* PetsViewController.swift */,
				CB4F09AA1C5803D6003D3F74 /* ApperanceViewController.swift */,
				CB4F09A81C580333003D3F74 /* EventsViewController.swift */,
				CBA9EF8C1C067B1600B4C0A5 /* TableViewController.swift */,
				CB3BD6181C66EB30007F938B /* UIViewExtensions.swift */,
				CB6E57231BF4301200E9B680 /* Assets.xcassets */,
				CB6E57321BF43AEB00E9B680 /* tock slippers.jpg */,
				CB6E57301BF43A1100E9B680 /* hipsterlogogenerator_1447297630288.png */,
				CB6E57251BF4301200E9B680 /* LaunchScreen.storyboard */,
				CB6E57281BF4301200E9B680 /* Info.plist */,
			);
			path = EduGreyt;
			sourceTree = "<group>";
		};
/* End PBXGroup section */

/* Begin PBXNativeTarget section */
		CB6E57181BF4301200E9B680 /* EduGreyt */ = {
			isa = PBXNativeTarget;
			buildConfigurationList = CB6E572B1BF4301200E9B680 /* Build configuration list for PBXNativeTarget "EduGreyt" */;
			buildPhases = (
				7E15088C089CDB0EC2E5E2EE /* Check Pods Manifest.lock */,
				CB6E57151BF4301200E9B680 /* Sources */,
				CB6E57161BF4301200E9B680 /* Frameworks */,
				CB6E57171BF4301200E9B680 /* Resources */,
				C64B99243E77894D84918DC8 /* Embed Pods Frameworks */,
				118826E284CB692BEB3FF96A /* Copy Pods Resources */,
			);
			buildRules = (
			);
			dependencies = (
			);
			name = EduGreyt;
			productName = EduGreyt;
			productReference = CB6E57191BF4301200E9B680 /* EduGreyt.app */;
			productType = "com.apple.product-type.application";
		};
/* End PBXNativeTarget section */

/* Begin PBXProject section */
		CB6E57111BF4301200E9B680 /* Project object */ = {
			isa = PBXProject;
			attributes = {
				LastSwiftUpdateCheck = 0710;
				LastUpgradeCheck = 0710;
				ORGANIZATIONNAME = "Katie Kelleher";
				TargetAttributes = {
					CB6E57181BF4301200E9B680 = {
						CreatedOnToolsVersion = 7.1;
						DevelopmentTeam = 99CJJ9SY9E;
					};
				};
			};
			buildConfigurationList = CB6E57141BF4301200E9B680 /* Build configuration list for PBXProject "EduGreyt" */;
			compatibilityVersion = "Xcode 3.2";
			developmentRegion = English;
			hasScannedForEncodings = 0;
			knownRegions = (
				en,
				Base,
			);
			mainGroup = CB6E57101BF4301200E9B680;
			productRefGroup = CB6E571A1BF4301200E9B680 /* Products */;
			projectDirPath = "";
			projectRoot = "";
			targets = (
				CB6E57181BF4301200E9B680 /* EduGreyt */,
			);
		};
/* End PBXProject section */

/* Begin PBXResourcesBuildPhase section */
		CB6E57171BF4301200E9B680 /* Resources */ = {
			isa = PBXResourcesBuildPhase;
			buildActionMask = 2147483647;
			files = (
				CB6E57311BF43A1100E9B680 /* hipsterlogogenerator_1447297630288.png in Resources */,
				CB6E57271BF4301200E9B680 /* LaunchScreen.storyboard in Resources */,
				CB6E57241BF4301200E9B680 /* Assets.xcassets in Resources */,
				CB6E57331BF43AEB00E9B680 /* tock slippers.jpg in Resources */,
				CB6E57221BF4301200E9B680 /* Main.storyboard in Resources */,
			);
			runOnlyForDeploymentPostprocessing = 0;
		};
/* End PBXResourcesBuildPhase section */

/* Begin PBXShellScriptBuildPhase section */
		118826E284CB692BEB3FF96A /* Copy Pods Resources */ = {
			isa = PBXShellScriptBuildPhase;
			buildActionMask = 2147483647;
			files = (
			);
			inputPaths = (
			);
			name = "Copy Pods Resources";
			outputPaths = (
			);
			runOnlyForDeploymentPostprocessing = 0;
			shellPath = /bin/sh;
			shellScript = "\"${SRCROOT}/Pods/Target Support Files/Pods-EduGreyt/Pods-EduGreyt-resources.sh\"\n";
			showEnvVarsInLog = 0;
		};
		7E15088C089CDB0EC2E5E2EE /* Check Pods Manifest.lock */ = {
			isa = PBXShellScriptBuildPhase;
			buildActionMask = 2147483647;
			files = (
			);
			inputPaths = (
			);
			name = "Check Pods Manifest.lock";
			outputPaths = (
			);
			runOnlyForDeploymentPostprocessing = 0;
			shellPath = /bin/sh;
			shellScript = "diff \"${PODS_ROOT}/../Podfile.lock\" \"${PODS_ROOT}/Manifest.lock\" > /dev/null\nif [[ $? != 0 ]] ; then\n    cat << EOM\nerror: The sandbox is not in sync with the Podfile.lock. Run 'pod install' or update your CocoaPods installation.\nEOM\n    exit 1\nfi\n";
			showEnvVarsInLog = 0;
		};
		C64B99243E77894D84918DC8 /* Embed Pods Frameworks */ = {
			isa = PBXShellScriptBuildPhase;
			buildActionMask = 2147483647;
			files = (
			);
			inputPaths = (
			);
			name = "Embed Pods Frameworks";
			outputPaths = (
			);
			runOnlyForDeploymentPostprocessing = 0;
			shellPath = /bin/sh;
			shellScript = "\"${SRCROOT}/Pods/Target Support Files/Pods-EduGreyt/Pods-EduGreyt-frameworks.sh\"\n";
			showEnvVarsInLog = 0;
		};
/* End PBXShellScriptBuildPhase section */

/* Begin PBXSourcesBuildPhase section */
		CB6E57151BF4301200E9B680 /* Sources */ = {
			isa = PBXSourcesBuildPhase;
			buildActionMask = 2147483647;
			files = (
				CB4F09AB1C5803D6003D3F74 /* ApperanceViewController.swift in Sources */,
				CB4F09AF1C5803F9003D3F74 /* FavoriteLinksViewController.swift in Sources */,
				CB4F09B11C58040D003D3F74 /* HealthViewController.swift in Sources */,
				CB6E571F1BF4301200E9B680 /* ViewController.swift in Sources */,
				CB4F09A91C580333003D3F74 /* EventsViewController.swift in Sources */,
				CBA9EF8D1C067B1600B4C0A5 /* TableViewController.swift in Sources */,
				CB3BD6191C66EB30007F938B /* UIViewExtensions.swift in Sources */,
				CB4F09AD1C5803E7003D3F74 /* PetsViewController.swift in Sources */,
				CB6E571D1BF4301200E9B680 /* AppDelegate.swift in Sources */,
				CB4F09B31C58042C003D3F74 /* FactsViewController.swift in Sources */,
			);
			runOnlyForDeploymentPostprocessing = 0;
		};
/* End PBXSourcesBuildPhase section */

/* Begin PBXVariantGroup section */
		CB6E57201BF4301200E9B680 /* Main.storyboard */ = {
			isa = PBXVariantGroup;
			children = (
				CB6E57211BF4301200E9B680 /* Base */,
			);
			name = Main.storyboard;
			sourceTree = "<group>";
		};
		CB6E57251BF4301200E9B680 /* LaunchScreen.storyboard */ = {
			isa = PBXVariantGroup;
			children = (
				CB6E57261BF4301200E9B680 /* Base */,
			);
			name = LaunchScreen.storyboard;
			sourceTree = "<group>";
		};
/* End PBXVariantGroup section */

/* Begin XCBuildConfiguration section */
		CB6E57291BF4301200E9B680 /* Debug */ = {
			isa = XCBuildConfiguration;
			buildSettings = {
				ALWAYS_SEARCH_USER_PATHS = NO;
				CLANG_CXX_LANGUAGE_STANDARD = "gnu++0x";
				CLANG_CXX_LIBRARY = "libc++";
				CLANG_ENABLE_MODULES = YES;
				CLANG_ENABLE_OBJC_ARC = YES;
				CLANG_WARN_BOOL_CONVERSION = YES;
				CLANG_WARN_CONSTANT_CONVERSION = YES;
				CLANG_WARN_DIRECT_OBJC_ISA_USAGE = YES_ERROR;
				CLANG_WARN_EMPTY_BODY = YES;
				CLANG_WARN_ENUM_CONVERSION = YES;
				CLANG_WARN_INT_CONVERSION = YES;
				CLANG_WARN_OBJC_ROOT_CLASS = YES_ERROR;
				CLANG_WARN_UNREACHABLE_CODE = YES;
				CLANG_WARN__DUPLICATE_METHOD_MATCH = YES;
				"CODE_SIGN_IDENTITY[sdk=iphoneos*]" = "iPhone Developer";
				COPY_PHASE_STRIP = NO;
				DEBUG_INFORMATION_FORMAT = dwarf;
				ENABLE_STRICT_OBJC_MSGSEND = YES;
				ENABLE_TESTABILITY = YES;
				GCC_C_LANGUAGE_STANDARD = gnu99;
				GCC_DYNAMIC_NO_PIC = NO;
				GCC_NO_COMMON_BLOCKS = YES;
				GCC_OPTIMIZATION_LEVEL = 0;
				GCC_PREPROCESSOR_DEFINITIONS = (
					"DEBUG=1",
					"$(inherited)",
				);
				GCC_WARN_64_TO_32_BIT_CONVERSION = YES;
				GCC_WARN_ABOUT_RETURN_TYPE = YES_ERROR;
				GCC_WARN_UNDECLARED_SELECTOR = YES;
				GCC_WARN_UNINITIALIZED_AUTOS = YES_AGGRESSIVE;
				GCC_WARN_UNUSED_FUNCTION = YES;
				GCC_WARN_UNUSED_VARIABLE = YES;
				IPHONEOS_DEPLOYMENT_TARGET = 9.1;
				MTL_ENABLE_DEBUG_INFO = YES;
				ONLY_ACTIVE_ARCH = YES;
				SDKROOT = iphoneos;
				SWIFT_OPTIMIZATION_LEVEL = "-Onone";
			};
			name = Debug;
		};
		CB6E572A1BF4301200E9B680 /* Release */ = {
			isa = XCBuildConfiguration;
			buildSettings = {
				ALWAYS_SEARCH_USER_PATHS = NO;
				CLANG_CXX_LANGUAGE_STANDARD = "gnu++0x";
				CLANG_CXX_LIBRARY = "libc++";
				CLANG_ENABLE_MODULES = YES;
				CLANG_ENABLE_OBJC_ARC = YES;
				CLANG_WARN_BOOL_CONVERSION = YES;
				CLANG_WARN_CONSTANT_CONVERSION = YES;
				CLANG_WARN_DIRECT_OBJC_ISA_USAGE = YES_ERROR;
				CLANG_WARN_EMPTY_BODY = YES;
				CLANG_WARN_ENUM_CONVERSION = YES;
				CLANG_WARN_INT_CONVERSION = YES;
				CLANG_WARN_OBJC_ROOT_CLASS = YES_ERROR;
				CLANG_WARN_UNREACHABLE_CODE = YES;
				CLANG_WARN__DUPLICATE_METHOD_MATCH = YES;
				"CODE_SIGN_IDENTITY[sdk=iphoneos*]" = "iPhone Developer";
				COPY_PHASE_STRIP = NO;
				DEBUG_INFORMATION_FORMAT = "dwarf-with-dsym";
				ENABLE_NS_ASSERTIONS = NO;
				ENABLE_STRICT_OBJC_MSGSEND = YES;
				GCC_C_LANGUAGE_STANDARD = gnu99;
				GCC_NO_COMMON_BLOCKS = YES;
				GCC_WARN_64_TO_32_BIT_CONVERSION = YES;
				GCC_WARN_ABOUT_RETURN_TYPE = YES_ERROR;
				GCC_WARN_UNDECLARED_SELECTOR = YES;
				GCC_WARN_UNINITIALIZED_AUTOS = YES_AGGRESSIVE;
				GCC_WARN_UNUSED_FUNCTION = YES;
				GCC_WARN_UNUSED_VARIABLE = YES;
				IPHONEOS_DEPLOYMENT_TARGET = 9.1;
				MTL_ENABLE_DEBUG_INFO = NO;
				SDKROOT = iphoneos;
				VALIDATE_PRODUCT = YES;
			};
			name = Release;
		};
		CB6E572C1BF4301200E9B680 /* Debug */ = {
			isa = XCBuildConfiguration;
			baseConfigurationReference = 411729B7E799F53D8C65CC00 /* Pods-EduGreyt.debug.xcconfig */;
			buildSettings = {
				ASSETCATALOG_COMPILER_APPICON_NAME = AppIcon;
				INFOPLIST_FILE = EduGreyt/Info.plist;
				LD_RUNPATH_SEARCH_PATHS = "$(inherited) @executable_path/Frameworks";
				PRODUCT_BUNDLE_IDENTIFIER = rocks.kelleher.EduGreyt;
				PRODUCT_NAME = "$(TARGET_NAME)";
			};
			name = Debug;
		};
		CB6E572D1BF4301200E9B680 /* Release */ = {
			isa = XCBuildConfiguration;
			baseConfigurationReference = 21621122E2DED8ACAA576A99 /* Pods-EduGreyt.release.xcconfig */;
			buildSettings = {
				ASSETCATALOG_COMPILER_APPICON_NAME = AppIcon;
				INFOPLIST_FILE = EduGreyt/Info.plist;
				LD_RUNPATH_SEARCH_PATHS = "$(inherited) @executable_path/Frameworks";
				PRODUCT_BUNDLE_IDENTIFIER = rocks.kelleher.EduGreyt;
				PRODUCT_NAME = "$(TARGET_NAME)";
			};
			name = Release;
		};
/* End XCBuildConfiguration section */

/* Begin XCConfigurationList section */
		CB6E57141BF4301200E9B680 /* Build configuration list for PBXProject "EduGreyt" */ = {
			isa = XCConfigurationList;
			buildConfigurations = (
				CB6E57291BF4301200E9B680 /* Debug */,
				CB6E572A1BF4301200E9B680 /* Release */,
			);
			defaultConfigurationIsVisible = 0;
			defaultConfigurationName = Release;
		};
		CB6E572B1BF4301200E9B680 /* Build configuration list for PBXNativeTarget "EduGreyt" */ = {
			isa = XCConfigurationList;
			buildConfigurations = (
				CB6E572C1BF4301200E9B680 /* Debug */,
				CB6E572D1BF4301200E9B680 /* Release */,
			);
			defaultConfigurationIsVisible = 0;
			defaultConfigurationName = Release;
		};
/* End XCConfigurationList section */
	};
	rootObject = CB6E57111BF4301200E9B680 /* Project object */;
}
